{
  "name": "depgraph-tools",
  "version": "0.1.0",
  "lockfileVersion": 3,
  "requires": true,
  "packages": {
    "": {
      "name": "depgraph-tools",
      "version": "0.1.0",
      "dependencies": {
        "occt-import-js": "^0.0.23",
        "three": "^0.185.1"
      }
    },
    "node_modules/occt-import-js": {
      "version": "0.0.23",
      "resolved": "https://registry.npmjs.org/occt-import-js/-/occt-import-js-0.0.23.tgz",
      "integrity": "sha512-RFfYQXYFX5C1mB1Aywm0ShcUKzXOr/VzTnlzhBSDJOR6YCAPt1HYCzeXWg1vwwjn/cUxwqRNhhtf1dlewoZYCQ==",
      "license": "LGPL-2.1"
    },
    "node_modules/three": {
      "version": "0.185.1",
      "resolved": "https://registry.npmjs.org/three/-/three-0.185.1.tgz",
      "integrity": "sha512-5aojFCXKwnjBRZvUnt3WFfEcvUJgkN5LlijRFN95hMy8WVkG4I0QNcJE+OuWvuJ0bOdStrbfXn0pkd6/QyiAlg==",
      "license": "MIT"
    }
  }
}
